
Microsoft Visual Studio Solution File, Format Version 12.00
# Visual Studio 14
VisualStudioVersion = 14.0.25029.0
MinimumVisualStudioVersion = 10.0.40219.1
Project("{FAE04EC0-301F-11D3-BF4B-00C04F79EFBC}") = "OnixData", "OnixData\OnixData.csproj", "{001B5989-7440-44BB-BEED-FE4422E2634E}"
EndProject
Project("{FAE04EC0-301F-11D3-BF4B-00C04F79EFBC}") = "OnixTestHarness", "OnixTestHarness\OnixTestHarness.csproj", "{4B03D0C9-7AC3-4775-8A91-AF9A6408BEBA}"
EndProject
Project("{FAE04EC0-301F-11D3-BF4B-00C04F79EFBC}") = "OnixData.Standard", "OnixData.Standard\OnixData.Standard.csproj", "{7CC9CAFD-3211-4986-A326-9630C2EDD9C2}"
EndProject
Project("{FAE04EC0-301F-11D3-BF4B-00C04F79EFBC}") = "OnixData.Standard.CoreTests", "OnixData.Standard.CoreTests\OnixData.Standard.CoreTests.csproj", "{5E2B03F3-3D73-4348-AADB-01A5C9EE5825}"
EndProject
Project("{FAE04EC0-301F-11D3-BF4B-00C04F79EFBC}") = "OnixData.Standard.NetFrameworkTests", "OnixData.Standard.NetFrameworkTests\OnixData.Standard.NetFrameworkTests.csproj", "{69E174F1-51DB-4628-AB3C-9D0225AD373E}"
EndProject
Global
	GlobalSection(SolutionConfigurationPlatforms) = preSolution
		Debug|Any CPU = Debug|Any CPU
		Release|Any CPU = Release|Any CPU
	EndGlobalSection
	GlobalSection(ProjectConfigurationPlatforms) = postSolution
		{001B5989-7440-44BB-BEED-FE4422E2634E}.Debug|Any CPU.ActiveCfg = Debug|Any CPU
		{001B5989-7440-44BB-BEED-FE4422E2634E}.Debug|Any CPU.Build.0 = Debug|Any CPU
		{001B5989-7440-44BB-BEED-FE4422E2634E}.Release|Any CPU.ActiveCfg = Release|Any CPU
		{001B5989-7440-44BB-BEED-FE4422E2634E}.Release|Any CPU.Build.0 = Release|Any CPU
		{4B03D0C9-7AC3-4775-8A91-AF9A6408BEBA}.Debug|Any CPU.ActiveCfg = Debug|Any CPU
		{4B03D0C9-7AC3-4775-8A91-AF9A6408BEBA}.Debug|Any CPU.Build.0 = Debug|Any CPU
		{4B03D0C9-7AC3-4775-8A91-AF9A6408BEBA}.Release|Any CPU.ActiveCfg = Release|Any CPU
		{4B03D0C9-7AC3-4775-8A91-AF9A6408BEBA}.Release|Any CPU.Build.0 = Release|Any CPU
		{7CC9CAFD-3211-4986-A326-9630C2EDD9C2}.Debug|Any CPU.ActiveCfg = Debug|Any CPU
		{7CC9CAFD-3211-4986-A326-9630C2EDD9C2}.Debug|Any CPU.Build.0 = Debug|Any CPU
		{7CC9CAFD-3211-4986-A326-9630C2EDD9C2}.Release|Any CPU.ActiveCfg = Release|Any CPU
		{7CC9CAFD-3211-4986-A326-9630C2EDD9C2}.Release|Any CPU.Build.0 = Release|Any CPU
		{5E2B03F3-3D73-4348-AADB-01A5C9EE5825}.Debug|Any CPU.ActiveCfg = Debug|Any CPU
		{5E2B03F3-3D73-4348-AADB-01A5C9EE5825}.Debug|Any CPU.Build.0 = Debug|Any CPU
		{5E2B03F3-3D73-4348-AADB-01A5C9EE5825}.Release|Any CPU.ActiveCfg = Release|Any CPU
		{5E2B03F3-3D73-4348-AADB-01A5C9EE5825}.Release|Any CPU.Build.0 = Release|Any CPU
		{69E174F1-51DB-4628-AB3C-9D0225AD373E}.Debug|Any CPU.ActiveCfg = Debug|Any CPU
		{69E174F1-51DB-4628-AB3C-9D0225AD373E}.Debug|Any CPU.Build.0 = Debug|Any CPU
		{69E174F1-51DB-4628-AB3C-9D0225AD373E}.Release|Any CPU.ActiveCfg = Release|Any CPU
		{69E174F1-51DB-4628-AB3C-9D0225AD373E}.Release|Any CPU.Build.0 = Release|Any CPU
	EndGlobalSection
	GlobalSection(SolutionProperties) = preSolution
		HideSolutionNode = FALSE
	EndGlobalSection
EndGlobal
